// !$*UTF8*$!
{
	archiveVersion = 1;
	classes = {
	};
	objectVersion = 50;
	objects = {

/* Begin PBXBuildFile section */
		848583BF20FF963300CB4324 /* AppDelegate.swift in Sources */ = {isa = PBXBuildFile; fileRef = 848583BE20FF963300CB4324 /* AppDelegate.swift */; };
		848583C420FF963300CB4324 /* Main.storyboard in Resources */ = {isa = PBXBuildFile; fileRef = 848583C220FF963300CB4324 /* Main.storyboard */; };
		848583C620FF963400CB4324 /* Assets.xcassets in Resources */ = {isa = PBXBuildFile; fileRef = 848583C520FF963400CB4324 /* Assets.xcassets */; };
		848583C920FF963400CB4324 /* LaunchScreen.storyboard in Resources */ = {isa = PBXBuildFile; fileRef = 848583C720FF963400CB4324 /* LaunchScreen.storyboard */; };
		848583D720FF96CC00CB4324 /* User.swift in Sources */ = {isa = PBXBuildFile; fileRef = 848583D620FF96CC00CB4324 /* User.swift */; };
		848583D920FF96DD00CB4324 /* UserController.swift in Sources */ = {isa = PBXBuildFile; fileRef = 848583D820FF96DD00CB4324 /* UserController.swift */; };
		848583DB20FF9BDE00CB4324 /* UsersTableViewController.swift in Sources */ = {isa = PBXBuildFile; fileRef = 848583DA20FF9BDD00CB4324 /* UsersTableViewController.swift */; };
/* End PBXBuildFile section */

/* Begin PBXFileReference section */
		848583BB20FF963300CB4324 /* Favorite App.app */ = {isa = PBXFileReference; explicitFileType = wrapper.application; includeInIndex = 0; path = "Favorite App.app"; sourceTree = BUILT_PRODUCTS_DIR; };
		848583BE20FF963300CB4324 /* AppDelegate.swift */ = {isa = PBXFileReference; lastKnownFileType = sourcecode.swift; path = AppDelegate.swift; sourceTree = "<group>"; };
		848583C320FF963300CB4324 /* Base */ = {isa = PBXFileReference; lastKnownFileType = file.storyboard; name = Base; path = Base.lproj/Main.storyboard; sourceTree = "<group>"; };
		848583C520FF963400CB4324 /* Assets.xcassets */ = {isa = PBXFileReference; lastKnownFileType = folder.assetcatalog; path = Assets.xcassets; sourceTree = "<group>"; };
		848583C820FF963400CB4324 /* Base */ = {isa = PBXFileReference; lastKnownFileType = file.storyboard; name = Base; path = Base.lproj/LaunchScreen.storyboard; sourceTree = "<group>"; };
		848583CA20FF963400CB4324 /* Info.plist */ = {isa = PBXFileReference; lastKnownFileType = text.plist.xml; path = Info.plist; sourceTree = "<group>"; };
		848583D620FF96CC00CB4324 /* User.swift */ = {isa = PBXFileReference; lastKnownFileType = sourcecode.swift; path = User.swift; sourceTree = "<group>"; };
		848583D820FF96DD00CB4324 /* UserController.swift */ = {isa = PBXFileReference; lastKnownFileType = sourcecode.swift; path = UserController.swift; sourceTree = "<group>"; };
		848583DA20FF9BDD00CB4324 /* UsersTableViewController.swift */ = {isa = PBXFileReference; lastKnownFileType = sourcecode.swift; path = UsersTableViewController.swift; sourceTree = "<group>"; };
/* End PBXFileReference section */

/* Begin PBXFrameworksBuildPhase section */
		848583B820FF963300CB4324 /* Frameworks */ = {
			isa = PBXFrameworksBuildPhase;
			buildActionMask = 2147483647;
			files = (
			);
			runOnlyForDeploymentPostprocessing = 0;
		};
/* End PBXFrameworksBuildPhase section */

/* Begin PBXGroup section */
		848583B220FF963300CB4324 = {
			isa = PBXGroup;
			children = (
				848583BD20FF963300CB4324 /* Favorite App */,
				848583BC20FF963300CB4324 /* Products */,
			);
			sourceTree = "<group>";
		};
		848583BC20FF963300CB4324 /* Products */ = {
			isa = PBXGroup;
			children = (
				848583BB20FF963300CB4324 /* Favorite App.app */,
			);
			name = Products;
			sourceTree = "<group>";
		};
		848583BD20FF963300CB4324 /* Favorite App */ = {
			isa = PBXGroup;
			children = (
				848583BE20FF963300CB4324 /* AppDelegate.swift */,
				848583D320FF965D00CB4324 /* Models */,
				848583D220FF965900CB4324 /* Views */,
				848583D120FF965200CB4324 /* Controllers */,
				848583D020FF964C00CB4324 /* Resources */,
			);
			path = "Favorite App";
			sourceTree = "<group>";
		};
		848583D020FF964C00CB4324 /* Resources */ = {
			isa = PBXGroup;
			children = (
				848583C520FF963400CB4324 /* Assets.xcassets */,
				848583C720FF963400CB4324 /* LaunchScreen.storyboard */,
				848583CA20FF963400CB4324 /* Info.plist */,
			);
			path = Resources;
			sourceTree = "<group>";
		};
		848583D120FF965200CB4324 /* Controllers */ = {
			isa = PBXGroup;
			children = (
				848583D520FF966C00CB4324 /* ViewControllers */,
				848583D420FF966600CB4324 /* ModelControllers */,
			);
			path = Controllers;
			sourceTree = "<group>";
		};
		848583D220FF965900CB4324 /* Views */ = {
			isa = PBXGroup;
			children = (
				848583C220FF963300CB4324 /* Main.storyboard */,
			);
			path = Views;
			sourceTree = "<group>";
		};
		848583D320FF965D00CB4324 /* Models */ = {
			isa = PBXGroup;
			children = (
				848583D620FF96CC00CB4324 /* User.swift */,
			);
			path = Models;
			sourceTree = "<group>";
		};
		848583D420FF966600CB4324 /* ModelControllers */ = {
			isa = PBXGroup;
			children = (
				848583D820FF96DD00CB4324 /* UserController.swift */,
			);
			path = ModelControllers;
			sourceTree = "<group>";
		};
		848583D520FF966C00CB4324 /* ViewControllers */ = {
			isa = PBXGroup;
			children = (
				848583DA20FF9BDD00CB4324 /* UsersTableViewController.swift */,
			);
			path = ViewControllers;
			sourceTree = "<group>";
		};
/* End PBXGroup section */

/* Begin PBXNativeTarget section */
		848583BA20FF963300CB4324 /* Favorite App */ = {
			isa = PBXNativeTarget;
			buildConfigurationList = 848583CD20FF963400CB4324 /* Build configuration list for PBXNativeTarget "Favorite App" */;
			buildPhases = (
				848583B720FF963300CB4324 /* Sources */,
				848583B820FF963300CB4324 /* Frameworks */,
				848583B920FF963300CB4324 /* Resources */,
			);
			buildRules = (
			);
			dependencies = (
			);
			name = "Favorite App";
			productName = "Favorite App";
			productReference = 848583BB20FF963300CB4324 /* Favorite App.app */;
			productType = "com.apple.product-type.application";
		};
/* End PBXNativeTarget section */

/* Begin PBXProject section */
		848583B320FF963300CB4324 /* Project object */ = {
			isa = PBXProject;
			attributes = {
				LastSwiftUpdateCheck = 0940;
				LastUpgradeCheck = 0940;
				ORGANIZATIONNAME = "Cameron Ingham";
				TargetAttributes = {
					848583BA20FF963300CB4324 = {
						CreatedOnToolsVersion = 9.4.1;
					};
				};
			};
			buildConfigurationList = 848583B620FF963300CB4324 /* Build configuration list for PBXProject "Favorite App" */;
			compatibilityVersion = "Xcode 9.3";
			developmentRegion = en;
			hasScannedForEncodings = 0;
			knownRegions = (
				en,
				Base,
			);
			mainGroup = 848583B220FF963300CB4324;
			productRefGroup = 848583BC20FF963300CB4324 /* Products */;
			projectDirPath = "";
			projectRoot = "";
			targets = (
				848583BA20FF963300CB4324 /* Favorite App */,
			);
		};
/* End PBXProject section */

/* Begin PBXResourcesBuildPhase section */
		848583B920FF963300CB4324 /* Resources */ = {
			isa = PBXResourcesBuildPhase;
			buildActionMask = 2147483647;
			files = (
				848583C920FF963400CB4324 /* LaunchScreen.storyboard in Resources */,
				848583C620FF963400CB4324 /* Assets.xcassets in Resources */,
				848583C420FF963300CB4324 /* Main.storyboard in Resources */,
			);
			runOnlyForDeploymentPostprocessing = 0;
		};
/* End PBXResourcesBuildPhase section */

/* Begin PBXSourcesBuildPhase section */
		848583B720FF963300CB4324 /* Sources */ = {
			isa = PBXSourcesBuildPhase;
			buildActionMask = 2147483647;
			files = (
				848583D920FF96DD00CB4324 /* UserController.swift in Sources */,
				848583D720FF96CC00CB4324 /* User.swift in Sources */,
				848583DB20FF9BDE00CB4324 /* UsersTableViewController.swift in Sources */,
				848583BF20FF963300CB4324 /* AppDelegate.swift in Sources */,
			);
			runOnlyForDeploymentPostprocessing = 0;
		};
/* End PBXSourcesBuildPhase section */

/* Begin PBXVariantGroup section */
		848583C220FF963300CB4324 /* Main.storyboard */ = {
			isa = PBXVariantGroup;
			children = (
				848583C320FF963300CB4324 /* Base */,
			);
			name = Main.storyboard;
			sourceTree = "<group>";
		};
		848583C720FF963400CB4324 /* LaunchScreen.storyboard */ = {
			isa = PBXVariantGroup;
			children = (
				848583C820FF963400CB4324 /* Base */,
			);
			name = LaunchScreen.storyboard;
			sourceTree = "<group>";
		};
/* End PBXVariantGroup section */

/* Begin XCBuildConfiguration section */
		848583CB20FF963400CB4324 /* Debug */ = {
			isa = XCBuildConfiguration;
			buildSettings = {
				ALWAYS_SEARCH_USER_PATHS = NO;
				CLANG_ANALYZER_NONNULL = YES;
				CLANG_ANALYZER_NUMBER_OBJECT_CONVERSION = YES_AGGRESSIVE;
				CLANG_CXX_LANGUAGE_STANDARD = "gnu++14";
				CLANG_CXX_LIBRARY = "libc++";
				CLANG_ENABLE_MODULES = YES;
				CLANG_ENABLE_OBJC_ARC = YES;
				CLANG_ENABLE_OBJC_WEAK = YES;
				CLANG_WARN_BLOCK_CAPTURE_AUTORELEASING = YES;
				CLANG_WARN_BOOL_CONVERSION = YES;
				CLANG_WARN_COMMA = YES;
				CLANG_WARN_CONSTANT_CONVERSION = YES;
				CLANG_WARN_DEPRECATED_OBJC_IMPLEMENTATIONS = YES;
				CLANG_WARN_DIRECT_OBJC_ISA_USAGE = YES_ERROR;
				CLANG_WARN_DOCUMENTATION_COMMENTS = YES;
				CLANG_WARN_EMPTY_BODY = YES;
				CLANG_WARN_ENUM_CONVERSION = YES;
				CLANG_WARN_INFINITE_RECURSION = YES;
				CLANG_WARN_INT_CONVERSION = YES;
				CLANG_WARN_NON_LITERAL_NULL_CONVERSION = YES;
				CLANG_WARN_OBJC_IMPLICIT_RETAIN_SELF = YES;
				CLANG_WARN_OBJC_LITERAL_CONVERSION = YES;
				CLANG_WARN_OBJC_ROOT_CLASS = YES_ERROR;
				CLANG_WARN_RANGE_LOOP_ANALYSIS = YES;
				CLANG_WARN_STRICT_PROTOTYPES = YES;
				CLANG_WARN_SUSPICIOUS_MOVE = YES;
				CLANG_WARN_UNGUARDED_AVAILABILITY = YES_AGGRESSIVE;
				CLANG_WARN_UNREACHABLE_CODE = YES;
				CLANG_WARN__DUPLICATE_METHOD_MATCH = YES;
				CODE_SIGN_IDENTITY = "iPhone Developer";
				COPY_PHASE_STRIP = NO;
				DEBUG_INFORMATION_FORMAT = dwarf;
				ENABLE_STRICT_OBJC_MSGSEND = YES;
				ENABLE_TESTABILITY = YES;
				GCC_C_LANGUAGE_STANDARD = gnu11;
				GCC_DYNAMIC_NO_PIC = NO;
				GCC_NO_COMMON_BLOCKS = YES;
				GCC_OPTIMIZATION_LEVEL = 0;
				GCC_PREPROCESSOR_DEFINITIONS = (
					"DEBUG=1",
					"$(inherited)",
				);
				GCC_WARN_64_TO_32_BIT_CONVERSION = YES;
				GCC_WARN_ABOUT_RETURN_TYPE = YES_ERROR;
				GCC_WARN_UNDECLARED_SELECTOR = YES;
				GCC_WARN_UNINITIALIZED_AUTOS = YES_AGGRESSIVE;
				GCC_WARN_UNUSED_FUNCTION = YES;
				GCC_WARN_UNUSED_VARIABLE = YES;
				IPHONEOS_DEPLOYMENT_TARGET = 11.4;
				MTL_ENABLE_DEBUG_INFO = YES;
				ONLY_ACTIVE_ARCH = YES;
				SDKROOT = iphoneos;
				SWIFT_ACTIVE_COMPILATION_CONDITIONS = DEBUG;
				SWIFT_OPTIMIZATION_LEVEL = "-Onone";
			};
			name = Debug;
		};
		848583CC20FF963400CB4324 /* Release */ = {
			isa = XCBuildConfiguration;
			buildSettings = {
				ALWAYS_SEARCH_USER_PATHS = NO;
				CLANG_ANALYZER_NONNULL = YES;
				CLANG_ANALYZER_NUMBER_OBJECT_CONVERSION = YES_AGGRESSIVE;
				CLANG_CXX_LANGUAGE_STANDARD = "gnu++14";
				CLANG_CXX_LIBRARY = "libc++";
				CLANG_ENABLE_MODULES = YES;
				CLANG_ENABLE_OBJC_ARC = YES;
				CLANG_ENABLE_OBJC_WEAK = YES;
				CLANG_WARN_BLOCK_CAPTURE_AUTORELEASING = YES;
				CLANG_WARN_BOOL_CONVERSION = YES;
				CLANG_WARN_COMMA = YES;
				CLANG_WARN_CONSTANT_CONVERSION = YES;
				CLANG_WARN_DEPRECATED_OBJC_IMPLEMENTATIONS = YES;
				CLANG_WARN_DIRECT_OBJC_ISA_USAGE = YES_ERROR;
				CLANG_WARN_DOCUMENTATION_COMMENTS = YES;
				CLANG_WARN_EMPTY_BODY = YES;
				CLANG_WARN_ENUM_CONVERSION = YES;
				CLANG_WARN_INFINITE_RECURSION = YES;
				CLANG_WARN_INT_CONVERSION = YES;
				CLANG_WARN_NON_LITERAL_NULL_CONVERSION = YES;
				CLANG_WARN_OBJC_IMPLICIT_RETAIN_SELF = YES;
				CLANG_WARN_OBJC_LITERAL_CONVERSION = YES;
				CLANG_WARN_OBJC_ROOT_CLASS = YES_ERROR;
				CLANG_WARN_RANGE_LOOP_ANALYSIS = YES;
				CLANG_WARN_STRICT_PROTOTYPES = YES;
				CLANG_WARN_SUSPICIOUS_MOVE = YES;
				CLANG_WARN_UNGUARDED_AVAILABILITY = YES_AGGRESSIVE;
				CLANG_WARN_UNREACHABLE_CODE = YES;
				CLANG_WARN__DUPLICATE_METHOD_MATCH = YES;
				CODE_SIGN_IDENTITY = "iPhone Developer";
				COPY_PHASE_STRIP = NO;
				DEBUG_INFORMATION_FORMAT = "dwarf-with-dsym";
				ENABLE_NS_ASSERTIONS = NO;
				ENABLE_STRICT_OBJC_MSGSEND = YES;
				GCC_C_LANGUAGE_STANDARD = gnu11;
				GCC_NO_COMMON_BLOCKS = YES;
				GCC_WARN_64_TO_32_BIT_CONVERSION = YES;
				GCC_WARN_ABOUT_RETURN_TYPE = YES_ERROR;
				GCC_WARN_UNDECLARED_SELECTOR = YES;
				GCC_WARN_UNINITIALIZED_AUTOS = YES_AGGRESSIVE;
				GCC_WARN_UNUSED_FUNCTION = YES;
				GCC_WARN_UNUSED_VARIABLE = YES;
				IPHONEOS_DEPLOYMENT_TARGET = 11.4;
				MTL_ENABLE_DEBUG_INFO = NO;
				SDKROOT = iphoneos;
				SWIFT_COMPILATION_MODE = wholemodule;
				SWIFT_OPTIMIZATION_LEVEL = "-O";
				VALIDATE_PRODUCT = YES;
			};
			name = Release;
		};
		848583CE20FF963400CB4324 /* Debug */ = {
			isa = XCBuildConfiguration;
			buildSettings = {
				ASSETCATALOG_COMPILER_APPICON_NAME = AppIcon;
				CODE_SIGN_STYLE = Automatic;
				DEVELOPMENT_TEAM = H9HL3TFS6J;
				INFOPLIST_FILE = "$(SRCROOT)/Favorite App/Resources/Info.plist";
				LD_RUNPATH_SEARCH_PATHS = (
					"$(inherited)",
					"@executable_path/Frameworks",
				);
				PRODUCT_BUNDLE_IDENTIFIER = "com.astranno.Favorite-App";
				PRODUCT_NAME = "$(TARGET_NAME)";
				SWIFT_VERSION = 4.0;
				TARGETED_DEVICE_FAMILY = "1,2";
			};
			name = Debug;
		};
		848583CF20FF963400CB4324 /* Release */ = {
			isa = XCBuildConfiguration;
			buildSettings = {
				ASSETCATALOG_COMPILER_APPICON_NAME = AppIcon;
				CODE_SIGN_STYLE = Automatic;
				DEVELOPMENT_TEAM = H9HL3TFS6J;
				INFOPLIST_FILE = "$(SRCROOT)/Favorite App/Resources/Info.plist";
				LD_RUNPATH_SEARCH_PATHS = (
					"$(inherited)",
					"@executable_path/Frameworks",
				);
				PRODUCT_BUNDLE_IDENTIFIER = "com.astranno.Favorite-App";
				PRODUCT_NAME = "$(TARGET_NAME)";
				SWIFT_VERSION = 4.0;
				TARGETED_DEVICE_FAMILY = "1,2";
			};
			name = Release;
		};
/* End XCBuildConfiguration section */

/* Begin XCConfigurationList section */
		848583B620FF963300CB4324 /* Build configuration list for PBXProject "Favorite App" */ = {
			isa = XCConfigurationList;
			buildConfigurations = (
				848583CB20FF963400CB4324 /* Debug */,
				848583CC20FF963400CB4324 /* Release */,
			);
			defaultConfigurationIsVisible = 0;
			defaultConfigurationName = Release;
		};
		848583CD20FF963400CB4324 /* Build configuration list for PBXNativeTarget "Favorite App" */ = {
			isa = XCConfigurationList;
			buildConfigurations = (
				848583CE20FF963400CB4324 /* Debug */,
				848583CF20FF963400CB4324 /* Release */,
			);
			defaultConfigurationIsVisible = 0;
			defaultConfigurationName = Release;
		};
/* End XCConfigurationList section */
	};
	rootObject = 848583B320FF963300CB4324 /* Project object */;
}
