// !$*UTF8*$!
{
	archiveVersion = 1;
	classes = {
	};
	objectVersion = 50;
	objects = {

/* Begin PBXBuildFile section */
		844C170420EA954A00DEFB48 /* AppDelegate.swift in Sources */ = {isa = PBXBuildFile; fileRef = 844C170320EA954A00DEFB48 /* AppDelegate.swift */; };
		844C170620EA954A00DEFB48 /* MainViewController.swift in Sources */ = {isa = PBXBuildFile; fileRef = 844C170520EA954A00DEFB48 /* MainViewController.swift */; };
		844C170920EA954A00DEFB48 /* Main.storyboard in Resources */ = {isa = PBXBuildFile; fileRef = 844C170720EA954A00DEFB48 /* Main.storyboard */; };
		844C170B20EA954C00DEFB48 /* Assets.xcassets in Resources */ = {isa = PBXBuildFile; fileRef = 844C170A20EA954C00DEFB48 /* Assets.xcassets */; };
		844C170E20EA954C00DEFB48 /* LaunchScreen.storyboard in Resources */ = {isa = PBXBuildFile; fileRef = 844C170C20EA954C00DEFB48 /* LaunchScreen.storyboard */; };
		845C0B6820EAB6A100852150 /* DetailViewController.swift in Sources */ = {isa = PBXBuildFile; fileRef = 845C0B6720EAB6A100852150 /* DetailViewController.swift */; };
		845C0B6A20EABD6100852150 /* SignUpViewController.swift in Sources */ = {isa = PBXBuildFile; fileRef = 845C0B6920EABD6100852150 /* SignUpViewController.swift */; };
		845C0B6C20EABF2300852150 /* WelcomeViewController.swift in Sources */ = {isa = PBXBuildFile; fileRef = 845C0B6B20EABF2300852150 /* WelcomeViewController.swift */; };
/* End PBXBuildFile section */

/* Begin PBXFileReference section */
		844C170020EA954A00DEFB48 /* Views and Storyboards.app */ = {isa = PBXFileReference; explicitFileType = wrapper.application; includeInIndex = 0; path = "Views and Storyboards.app"; sourceTree = BUILT_PRODUCTS_DIR; };
		844C170320EA954A00DEFB48 /* AppDelegate.swift */ = {isa = PBXFileReference; lastKnownFileType = sourcecode.swift; path = AppDelegate.swift; sourceTree = "<group>"; };
		844C170520EA954A00DEFB48 /* MainViewController.swift */ = {isa = PBXFileReference; lastKnownFileType = sourcecode.swift; path = MainViewController.swift; sourceTree = "<group>"; };
		844C170820EA954A00DEFB48 /* Base */ = {isa = PBXFileReference; lastKnownFileType = file.storyboard; name = Base; path = Base.lproj/Main.storyboard; sourceTree = "<group>"; };
		844C170A20EA954C00DEFB48 /* Assets.xcassets */ = {isa = PBXFileReference; lastKnownFileType = folder.assetcatalog; path = Assets.xcassets; sourceTree = "<group>"; };
		844C170D20EA954C00DEFB48 /* Base */ = {isa = PBXFileReference; lastKnownFileType = file.storyboard; name = Base; path = Base.lproj/LaunchScreen.storyboard; sourceTree = "<group>"; };
		844C170F20EA954C00DEFB48 /* Info.plist */ = {isa = PBXFileReference; lastKnownFileType = text.plist.xml; path = Info.plist; sourceTree = "<group>"; };
		845C0B6720EAB6A100852150 /* DetailViewController.swift */ = {isa = PBXFileReference; lastKnownFileType = sourcecode.swift; path = DetailViewController.swift; sourceTree = "<group>"; };
		845C0B6920EABD6100852150 /* SignUpViewController.swift */ = {isa = PBXFileReference; lastKnownFileType = sourcecode.swift; path = SignUpViewController.swift; sourceTree = "<group>"; };
		845C0B6B20EABF2300852150 /* WelcomeViewController.swift */ = {isa = PBXFileReference; lastKnownFileType = sourcecode.swift; path = WelcomeViewController.swift; sourceTree = "<group>"; };
/* End PBXFileReference section */

/* Begin PBXFrameworksBuildPhase section */
		844C16FD20EA954A00DEFB48 /* Frameworks */ = {
			isa = PBXFrameworksBuildPhase;
			buildActionMask = 2147483647;
			files = (
			);
			runOnlyForDeploymentPostprocessing = 0;
		};
/* End PBXFrameworksBuildPhase section */

/* Begin PBXGroup section */
		844C16F720EA954A00DEFB48 = {
			isa = PBXGroup;
			children = (
				844C170220EA954A00DEFB48 /* Views and Storyboards */,
				844C170120EA954A00DEFB48 /* Products */,
			);
			sourceTree = "<group>";
		};
		844C170120EA954A00DEFB48 /* Products */ = {
			isa = PBXGroup;
			children = (
				844C170020EA954A00DEFB48 /* Views and Storyboards.app */,
			);
			name = Products;
			sourceTree = "<group>";
		};
		844C170220EA954A00DEFB48 /* Views and Storyboards */ = {
			isa = PBXGroup;
			children = (
				844C170320EA954A00DEFB48 /* AppDelegate.swift */,
				844C170520EA954A00DEFB48 /* MainViewController.swift */,
				845C0B6720EAB6A100852150 /* DetailViewController.swift */,
				845C0B6920EABD6100852150 /* SignUpViewController.swift */,
				845C0B6B20EABF2300852150 /* WelcomeViewController.swift */,
				844C170720EA954A00DEFB48 /* Main.storyboard */,
				844C171520EA95CF00DEFB48 /* Resources */,
			);
			path = "Views and Storyboards";
			sourceTree = "<group>";
		};
		844C171520EA95CF00DEFB48 /* Resources */ = {
			isa = PBXGroup;
			children = (
				844C170A20EA954C00DEFB48 /* Assets.xcassets */,
				844C170C20EA954C00DEFB48 /* LaunchScreen.storyboard */,
				844C170F20EA954C00DEFB48 /* Info.plist */,
			);
			path = Resources;
			sourceTree = "<group>";
		};
/* End PBXGroup section */

/* Begin PBXNativeTarget section */
		844C16FF20EA954A00DEFB48 /* Views and Storyboards */ = {
			isa = PBXNativeTarget;
			buildConfigurationList = 844C171220EA954C00DEFB48 /* Build configuration list for PBXNativeTarget "Views and Storyboards" */;
			buildPhases = (
				844C16FC20EA954A00DEFB48 /* Sources */,
				844C16FD20EA954A00DEFB48 /* Frameworks */,
				844C16FE20EA954A00DEFB48 /* Resources */,
			);
			buildRules = (
			);
			dependencies = (
			);
			name = "Views and Storyboards";
			productName = "Views and Storyboards";
			productReference = 844C170020EA954A00DEFB48 /* Views and Storyboards.app */;
			productType = "com.apple.product-type.application";
		};
/* End PBXNativeTarget section */

/* Begin PBXProject section */
		844C16F820EA954A00DEFB48 /* Project object */ = {
			isa = PBXProject;
			attributes = {
				LastSwiftUpdateCheck = 0940;
				LastUpgradeCheck = 0940;
				ORGANIZATIONNAME = "Cameron Ingham";
				TargetAttributes = {
					844C16FF20EA954A00DEFB48 = {
						CreatedOnToolsVersion = 9.4.1;
					};
				};
			};
			buildConfigurationList = 844C16FB20EA954A00DEFB48 /* Build configuration list for PBXProject "Views and Storyboards" */;
			compatibilityVersion = "Xcode 9.3";
			developmentRegion = en;
			hasScannedForEncodings = 0;
			knownRegions = (
				en,
				Base,
			);
			mainGroup = 844C16F720EA954A00DEFB48;
			productRefGroup = 844C170120EA954A00DEFB48 /* Products */;
			projectDirPath = "";
			projectRoot = "";
			targets = (
				844C16FF20EA954A00DEFB48 /* Views and Storyboards */,
			);
		};
/* End PBXProject section */

/* Begin PBXResourcesBuildPhase section */
		844C16FE20EA954A00DEFB48 /* Resources */ = {
			isa = PBXResourcesBuildPhase;
			buildActionMask = 2147483647;
			files = (
				844C170E20EA954C00DEFB48 /* LaunchScreen.storyboard in Resources */,
				844C170B20EA954C00DEFB48 /* Assets.xcassets in Resources */,
				844C170920EA954A00DEFB48 /* Main.storyboard in Resources */,
			);
			runOnlyForDeploymentPostprocessing = 0;
		};
/* End PBXResourcesBuildPhase section */

/* Begin PBXSourcesBuildPhase section */
		844C16FC20EA954A00DEFB48 /* Sources */ = {
			isa = PBXSourcesBuildPhase;
			buildActionMask = 2147483647;
			files = (
				845C0B6820EAB6A100852150 /* DetailViewController.swift in Sources */,
				845C0B6C20EABF2300852150 /* WelcomeViewController.swift in Sources */,
				844C170620EA954A00DEFB48 /* MainViewController.swift in Sources */,
				845C0B6A20EABD6100852150 /* SignUpViewController.swift in Sources */,
				844C170420EA954A00DEFB48 /* AppDelegate.swift in Sources */,
			);
			runOnlyForDeploymentPostprocessing = 0;
		};
/* End PBXSourcesBuildPhase section */

/* Begin PBXVariantGroup section */
		844C170720EA954A00DEFB48 /* Main.storyboard */ = {
			isa = PBXVariantGroup;
			children = (
				844C170820EA954A00DEFB48 /* Base */,
			);
			name = Main.storyboard;
			sourceTree = "<group>";
		};
		844C170C20EA954C00DEFB48 /* LaunchScreen.storyboard */ = {
			isa = PBXVariantGroup;
			children = (
				844C170D20EA954C00DEFB48 /* Base */,
			);
			name = LaunchScreen.storyboard;
			sourceTree = "<group>";
		};
/* End PBXVariantGroup section */

/* Begin XCBuildConfiguration section */
		844C171020EA954C00DEFB48 /* Debug */ = {
			isa = XCBuildConfiguration;
			buildSettings = {
				ALWAYS_SEARCH_USER_PATHS = NO;
				CLANG_ANALYZER_NONNULL = YES;
				CLANG_ANALYZER_NUMBER_OBJECT_CONVERSION = YES_AGGRESSIVE;
				CLANG_CXX_LANGUAGE_STANDARD = "gnu++14";
				CLANG_CXX_LIBRARY = "libc++";
				CLANG_ENABLE_MODULES = YES;
				CLANG_ENABLE_OBJC_ARC = YES;
				CLANG_ENABLE_OBJC_WEAK = YES;
				CLANG_WARN_BLOCK_CAPTURE_AUTORELEASING = YES;
				CLANG_WARN_BOOL_CONVERSION = YES;
				CLANG_WARN_COMMA = YES;
				CLANG_WARN_CONSTANT_CONVERSION = YES;
				CLANG_WARN_DEPRECATED_OBJC_IMPLEMENTATIONS = YES;
				CLANG_WARN_DIRECT_OBJC_ISA_USAGE = YES_ERROR;
				CLANG_WARN_DOCUMENTATION_COMMENTS = YES;
				CLANG_WARN_EMPTY_BODY = YES;
				CLANG_WARN_ENUM_CONVERSION = YES;
				CLANG_WARN_INFINITE_RECURSION = YES;
				CLANG_WARN_INT_CONVERSION = YES;
				CLANG_WARN_NON_LITERAL_NULL_CONVERSION = YES;
				CLANG_WARN_OBJC_IMPLICIT_RETAIN_SELF = YES;
				CLANG_WARN_OBJC_LITERAL_CONVERSION = YES;
				CLANG_WARN_OBJC_ROOT_CLASS = YES_ERROR;
				CLANG_WARN_RANGE_LOOP_ANALYSIS = YES;
				CLANG_WARN_STRICT_PROTOTYPES = YES;
				CLANG_WARN_SUSPICIOUS_MOVE = YES;
				CLANG_WARN_UNGUARDED_AVAILABILITY = YES_AGGRESSIVE;
				CLANG_WARN_UNREACHABLE_CODE = YES;
				CLANG_WARN__DUPLICATE_METHOD_MATCH = YES;
				CODE_SIGN_IDENTITY = "iPhone Developer";
				COPY_PHASE_STRIP = NO;
				DEBUG_INFORMATION_FORMAT = dwarf;
				ENABLE_STRICT_OBJC_MSGSEND = YES;
				ENABLE_TESTABILITY = YES;
				GCC_C_LANGUAGE_STANDARD = gnu11;
				GCC_DYNAMIC_NO_PIC = NO;
				GCC_NO_COMMON_BLOCKS = YES;
				GCC_OPTIMIZATION_LEVEL = 0;
				GCC_PREPROCESSOR_DEFINITIONS = (
					"DEBUG=1",
					"$(inherited)",
				);
				GCC_WARN_64_TO_32_BIT_CONVERSION = YES;
				GCC_WARN_ABOUT_RETURN_TYPE = YES_ERROR;
				GCC_WARN_UNDECLARED_SELECTOR = YES;
				GCC_WARN_UNINITIALIZED_AUTOS = YES_AGGRESSIVE;
				GCC_WARN_UNUSED_FUNCTION = YES;
				GCC_WARN_UNUSED_VARIABLE = YES;
				IPHONEOS_DEPLOYMENT_TARGET = 11.4;
				MTL_ENABLE_DEBUG_INFO = YES;
				ONLY_ACTIVE_ARCH = YES;
				SDKROOT = iphoneos;
				SWIFT_ACTIVE_COMPILATION_CONDITIONS = DEBUG;
				SWIFT_OPTIMIZATION_LEVEL = "-Onone";
			};
			name = Debug;
		};
		844C171120EA954C00DEFB48 /* Release */ = {
			isa = XCBuildConfiguration;
			buildSettings = {
				ALWAYS_SEARCH_USER_PATHS = NO;
				CLANG_ANALYZER_NONNULL = YES;
				CLANG_ANALYZER_NUMBER_OBJECT_CONVERSION = YES_AGGRESSIVE;
				CLANG_CXX_LANGUAGE_STANDARD = "gnu++14";
				CLANG_CXX_LIBRARY = "libc++";
				CLANG_ENABLE_MODULES = YES;
				CLANG_ENABLE_OBJC_ARC = YES;
				CLANG_ENABLE_OBJC_WEAK = YES;
				CLANG_WARN_BLOCK_CAPTURE_AUTORELEASING = YES;
				CLANG_WARN_BOOL_CONVERSION = YES;
				CLANG_WARN_COMMA = YES;
				CLANG_WARN_CONSTANT_CONVERSION = YES;
				CLANG_WARN_DEPRECATED_OBJC_IMPLEMENTATIONS = YES;
				CLANG_WARN_DIRECT_OBJC_ISA_USAGE = YES_ERROR;
				CLANG_WARN_DOCUMENTATION_COMMENTS = YES;
				CLANG_WARN_EMPTY_BODY = YES;
				CLANG_WARN_ENUM_CONVERSION = YES;
				CLANG_WARN_INFINITE_RECURSION = YES;
				CLANG_WARN_INT_CONVERSION = YES;
				CLANG_WARN_NON_LITERAL_NULL_CONVERSION = YES;
				CLANG_WARN_OBJC_IMPLICIT_RETAIN_SELF = YES;
				CLANG_WARN_OBJC_LITERAL_CONVERSION = YES;
				CLANG_WARN_OBJC_ROOT_CLASS = YES_ERROR;
				CLANG_WARN_RANGE_LOOP_ANALYSIS = YES;
				CLANG_WARN_STRICT_PROTOTYPES = YES;
				CLANG_WARN_SUSPICIOUS_MOVE = YES;
				CLANG_WARN_UNGUARDED_AVAILABILITY = YES_AGGRESSIVE;
				CLANG_WARN_UNREACHABLE_CODE = YES;
				CLANG_WARN__DUPLICATE_METHOD_MATCH = YES;
				CODE_SIGN_IDENTITY = "iPhone Developer";
				COPY_PHASE_STRIP = NO;
				DEBUG_INFORMATION_FORMAT = "dwarf-with-dsym";
				ENABLE_NS_ASSERTIONS = NO;
				ENABLE_STRICT_OBJC_MSGSEND = YES;
				GCC_C_LANGUAGE_STANDARD = gnu11;
				GCC_NO_COMMON_BLOCKS = YES;
				GCC_WARN_64_TO_32_BIT_CONVERSION = YES;
				GCC_WARN_ABOUT_RETURN_TYPE = YES_ERROR;
				GCC_WARN_UNDECLARED_SELECTOR = YES;
				GCC_WARN_UNINITIALIZED_AUTOS = YES_AGGRESSIVE;
				GCC_WARN_UNUSED_FUNCTION = YES;
				GCC_WARN_UNUSED_VARIABLE = YES;
				IPHONEOS_DEPLOYMENT_TARGET = 11.4;
				MTL_ENABLE_DEBUG_INFO = NO;
				SDKROOT = iphoneos;
				SWIFT_COMPILATION_MODE = wholemodule;
				SWIFT_OPTIMIZATION_LEVEL = "-O";
				VALIDATE_PRODUCT = YES;
			};
			name = Release;
		};
		844C171320EA954C00DEFB48 /* Debug */ = {
			isa = XCBuildConfiguration;
			buildSettings = {
				ASSETCATALOG_COMPILER_APPICON_NAME = AppIcon;
				CODE_SIGN_STYLE = Automatic;
				DEVELOPMENT_TEAM = H9HL3TFS6J;
				INFOPLIST_FILE = "$(SRCROOT)/Views and Storyboards/Resources/Info.plist";
				LD_RUNPATH_SEARCH_PATHS = (
					"$(inherited)",
					"@executable_path/Frameworks",
				);
				PRODUCT_BUNDLE_IDENTIFIER = "com.astranno.Views-and-Storyboards";
				PRODUCT_NAME = "$(TARGET_NAME)";
				SWIFT_VERSION = 4.0;
				TARGETED_DEVICE_FAMILY = "1,2";
			};
			name = Debug;
		};
		844C171420EA954C00DEFB48 /* Release */ = {
			isa = XCBuildConfiguration;
			buildSettings = {
				ASSETCATALOG_COMPILER_APPICON_NAME = AppIcon;
				CODE_SIGN_STYLE = Automatic;
				DEVELOPMENT_TEAM = H9HL3TFS6J;
				INFOPLIST_FILE = "$(SRCROOT)/Views and Storyboards/Resources/Info.plist";
				LD_RUNPATH_SEARCH_PATHS = (
					"$(inherited)",
					"@executable_path/Frameworks",
				);
				PRODUCT_BUNDLE_IDENTIFIER = "com.astranno.Views-and-Storyboards";
				PRODUCT_NAME = "$(TARGET_NAME)";
				SWIFT_VERSION = 4.0;
				TARGETED_DEVICE_FAMILY = "1,2";
			};
			name = Release;
		};
/* End XCBuildConfiguration section */

/* Begin XCConfigurationList section */
		844C16FB20EA954A00DEFB48 /* Build configuration list for PBXProject "Views and Storyboards" */ = {
			isa = XCConfigurationList;
			buildConfigurations = (
				844C171020EA954C00DEFB48 /* Debug */,
				844C171120EA954C00DEFB48 /* Release */,
			);
			defaultConfigurationIsVisible = 0;
			defaultConfigurationName = Release;
		};
		844C171220EA954C00DEFB48 /* Build configuration list for PBXNativeTarget "Views and Storyboards" */ = {
			isa = XCConfigurationList;
			buildConfigurations = (
				844C171320EA954C00DEFB48 /* Debug */,
				844C171420EA954C00DEFB48 /* Release */,
			);
			defaultConfigurationIsVisible = 0;
			defaultConfigurationName = Release;
		};
/* End XCConfigurationList section */
	};
	rootObject = 844C16F820EA954A00DEFB48 /* Project object */;
}
